
Microsoft Visual Studio Solution File, Format Version 12.00
# Visual Studio Version 17
VisualStudioVersion = 17.13.35931.197 d17.13
MinimumVisualStudioVersion = 10.0.40219.1
Project("{FAE04EC0-301F-11D3-BF4B-00C04F79EFBC}") = "ParProg1test", "ParProg1test\ParProg1test.csproj", "{D52228DD-029F-4F4E-97A9-D0EA1783ED2E}"
EndProject
Global
	GlobalSection(SolutionConfigurationPlatforms) = preSolution
		Debug|Any CPU = Debug|Any CPU
		Release|Any CPU = Release|Any CPU
	EndGlobalSection
	GlobalSection(ProjectConfigurationPlatforms) = postSolution
		{D52228DD-029F-4F4E-97A9-D0EA1783ED2E}.Debug|Any CPU.ActiveCfg = Debug|Any CPU
		{D52228DD-029F-4F4E-97A9-D0EA1783ED2E}.Debug|Any CPU.Build.0 = Debug|Any CPU
		{D52228DD-029F-4F4E-97A9-D0EA1783ED2E}.Release|Any CPU.ActiveCfg = Release|Any CPU
		{D52228DD-029F-4F4E-97A9-D0EA1783ED2E}.Release|Any CPU.Build.0 = Release|Any CPU
	EndGlobalSection
	GlobalSection(SolutionProperties) = preSolution
		HideSolutionNode = FALSE
	EndGlobalSection
	GlobalSection(ExtensibilityGlobals) = postSolution
		SolutionGuid = {1993FCDB-299E-4987-9B23-84EEDAE8291A}
	EndGlobalSection
EndGlobal
